
Microsoft Visual Studio Solution File, Format Version 12.00
# Visual Studio Version 16
VisualStudioVersion = 16.0.31911.196
MinimumVisualStudioVersion = 10.0.40219.1
Project("{FAE04EC0-301F-11D3-BF4B-00C04F79EFBC}") = "ProductReviwe", "ProductReviwe\ProductReviwe.csproj", "{AD82E1D8-C681-4C35-B52C-F04BC020BFCC}"
EndProject
Global
	GlobalSection(SolutionConfigurationPlatforms) = preSolution
		Debug|Any CPU = Debug|Any CPU
		Release|Any CPU = Release|Any CPU
	EndGlobalSection
	GlobalSection(ProjectConfigurationPlatforms) = postSolution
		{AD82E1D8-C681-4C35-B52C-F04BC020BFCC}.Debug|Any CPU.ActiveCfg = Debug|Any CPU
		{AD82E1D8-C681-4C35-B52C-F04BC020BFCC}.Debug|Any CPU.Build.0 = Debug|Any CPU
		{AD82E1D8-C681-4C35-B52C-F04BC020BFCC}.Release|Any CPU.ActiveCfg = Release|Any CPU
		{AD82E1D8-C681-4C35-B52C-F04BC020BFCC}.Release|Any CPU.Build.0 = Release|Any CPU
	EndGlobalSection
	GlobalSection(SolutionProperties) = preSolution
		HideSolutionNode = FALSE
	EndGlobalSection
	GlobalSection(ExtensibilityGlobals) = postSolution
		SolutionGuid = {413DD441-687A-403B-A99D-7BD757696030}
	EndGlobalSection
EndGlobal
